
Microsoft Visual Studio Solution File, Format Version 12.00
# Visual Studio Version 16
VisualStudioVersion = 16.0.30413.136
MinimumVisualStudioVersion = 10.0.40219.1
Project("{9A19103F-16F7-4668-BE54-9A1E7A4F7556}") = "MovieRentalApp", "MovieRentalApp\MovieRentalApp.csproj", "{226DF884-D299-4336-BB31-AB45C2C8F242}"
EndProject
Project("{9A19103F-16F7-4668-BE54-9A1E7A4F7556}") = "MovieRentalApp.UnitTests", "MovieRentalApp-UnitTesting\MovieRentalApp.UnitTests.csproj", "{9D64EABC-041A-4D33-A486-86AF2D59FEFE}"
EndProject
Project("{FAE04EC0-301F-11D3-BF4B-00C04F79EFBC}") = "MovieRentalApp.Automation.UI", "MovieRentalApp.Automation.UI\MovieRentalApp.Automation.UI.csproj", "{19024D14-709A-49A6-841D-85B4D07F1FEB}"
EndProject
Global
	GlobalSection(SolutionConfigurationPlatforms) = preSolution
		Debug|Any CPU = Debug|Any CPU
		Release|Any CPU = Release|Any CPU
	EndGlobalSection
	GlobalSection(ProjectConfigurationPlatforms) = postSolution
		{226DF884-D299-4336-BB31-AB45C2C8F242}.Debug|Any CPU.ActiveCfg = Debug|Any CPU
		{226DF884-D299-4336-BB31-AB45C2C8F242}.Debug|Any CPU.Build.0 = Debug|Any CPU
		{226DF884-D299-4336-BB31-AB45C2C8F242}.Release|Any CPU.ActiveCfg = Release|Any CPU
		{226DF884-D299-4336-BB31-AB45C2C8F242}.Release|Any CPU.Build.0 = Release|Any CPU
		{9D64EABC-041A-4D33-A486-86AF2D59FEFE}.Debug|Any CPU.ActiveCfg = Debug|Any CPU
		{9D64EABC-041A-4D33-A486-86AF2D59FEFE}.Debug|Any CPU.Build.0 = Debug|Any CPU
		{9D64EABC-041A-4D33-A486-86AF2D59FEFE}.Release|Any CPU.ActiveCfg = Release|Any CPU
		{9D64EABC-041A-4D33-A486-86AF2D59FEFE}.Release|Any CPU.Build.0 = Release|Any CPU
		{19024D14-709A-49A6-841D-85B4D07F1FEB}.Debug|Any CPU.ActiveCfg = Debug|Any CPU
		{19024D14-709A-49A6-841D-85B4D07F1FEB}.Debug|Any CPU.Build.0 = Debug|Any CPU
		{19024D14-709A-49A6-841D-85B4D07F1FEB}.Release|Any CPU.ActiveCfg = Release|Any CPU
		{19024D14-709A-49A6-841D-85B4D07F1FEB}.Release|Any CPU.Build.0 = Release|Any CPU
	EndGlobalSection
	GlobalSection(SolutionProperties) = preSolution
		HideSolutionNode = FALSE
	EndGlobalSection
	GlobalSection(ExtensibilityGlobals) = postSolution
		SolutionGuid = {BCE29247-AD42-4CC1-BF0D-773002B485CD}
	EndGlobalSection
EndGlobal
